
Microsoft Visual Studio Solution File, Format Version 12.00
# Visual Studio 15
VisualStudioVersion = 15.0.26430.14
MinimumVisualStudioVersion = 10.0.40219.1
Project("{D954291E-2A0B-460D-934E-DC6B0785DB48}") = "MultiUserApp", "MultiUserApp\MultiUserApp\MultiUserApp.shproj", "{10BFCF4A-A6D1-4421-9211-5E5FEAB4792E}"
EndProject
Project("{FAE04EC0-301F-11D3-BF4B-00C04F79EFBC}") = "MultiUserApp.Android", "MultiUserApp\MultiUserApp.Android\MultiUserApp.Android.csproj", "{104D63B6-94FE-47BC-9D20-189D8C9EA7A5}"
EndProject
Project("{FAE04EC0-301F-11D3-BF4B-00C04F79EFBC}") = "MultiUserApp.iOS", "MultiUserApp\MultiUserApp.iOS\MultiUserApp.iOS.csproj", "{61AFD05F-32B7-4763-97B9-842EFC9F6399}"
EndProject
Project("{FAE04EC0-301F-11D3-BF4B-00C04F79EFBC}") = "MultiUserApp.UWP", "MultiUserApp\MultiUserApp.UWP\MultiUserApp.UWP.csproj", "{A7F14777-75B2-4434-A481-7DBD33C8011E}"
EndProject
Global
	GlobalSection(SharedMSBuildProjectFiles) = preSolution
		MultiUserApp\MultiUserApp\MultiUserApp.projitems*{104d63b6-94fe-47bc-9d20-189d8c9ea7a5}*SharedItemsImports = 4
		MultiUserApp\MultiUserApp\MultiUserApp.projitems*{10bfcf4a-a6d1-4421-9211-5e5feab4792e}*SharedItemsImports = 13
		MultiUserApp\MultiUserApp\MultiUserApp.projitems*{61afd05f-32b7-4763-97b9-842efc9f6399}*SharedItemsImports = 4
		MultiUserApp\MultiUserApp\MultiUserApp.projitems*{a7f14777-75b2-4434-a481-7dbd33c8011e}*SharedItemsImports = 4
	EndGlobalSection
	GlobalSection(SolutionConfigurationPlatforms) = preSolution
		Ad-Hoc|Any CPU = Ad-Hoc|Any CPU
		Ad-Hoc|ARM = Ad-Hoc|ARM
		Ad-Hoc|iPhone = Ad-Hoc|iPhone
		Ad-Hoc|iPhoneSimulator = Ad-Hoc|iPhoneSimulator
		Ad-Hoc|x64 = Ad-Hoc|x64
		Ad-Hoc|x86 = Ad-Hoc|x86
		AppStore|Any CPU = AppStore|Any CPU
		AppStore|ARM = AppStore|ARM
		AppStore|iPhone = AppStore|iPhone
		AppStore|iPhoneSimulator = AppStore|iPhoneSimulator
		AppStore|x64 = AppStore|x64
		AppStore|x86 = AppStore|x86
		Debug|Any CPU = Debug|Any CPU
		Debug|ARM = Debug|ARM
		Debug|iPhone = Debug|iPhone
		Debug|iPhoneSimulator = Debug|iPhoneSimulator
		Debug|x64 = Debug|x64
		Debug|x86 = Debug|x86
		Release|Any CPU = Release|Any CPU
		Release|ARM = Release|ARM
		Release|iPhone = Release|iPhone
		Release|iPhoneSimulator = Release|iPhoneSimulator
		Release|x64 = Release|x64
		Release|x86 = Release|x86
	EndGlobalSection
	GlobalSection(ProjectConfigurationPlatforms) = postSolution
		{104D63B6-94FE-47BC-9D20-189D8C9EA7A5}.Ad-Hoc|Any CPU.ActiveCfg = Release|Any CPU
		{104D63B6-94FE-47BC-9D20-189D8C9EA7A5}.Ad-Hoc|Any CPU.Build.0 = Release|Any CPU
		{104D63B6-94FE-47BC-9D20-189D8C9EA7A5}.Ad-Hoc|Any CPU.Deploy.0 = Release|Any CPU
		{104D63B6-94FE-47BC-9D20-189D8C9EA7A5}.Ad-Hoc|ARM.ActiveCfg = Release|Any CPU
		{104D63B6-94FE-47BC-9D20-189D8C9EA7A5}.Ad-Hoc|ARM.Build.0 = Release|Any CPU
		{104D63B6-94FE-47BC-9D20-189D8C9EA7A5}.Ad-Hoc|ARM.Deploy.0 = Release|Any CPU
		{104D63B6-94FE-47BC-9D20-189D8C9EA7A5}.Ad-Hoc|iPhone.ActiveCfg = Release|Any CPU
		{104D63B6-94FE-47BC-9D20-189D8C9EA7A5}.Ad-Hoc|iPhone.Build.0 = Release|Any CPU
		{104D63B6-94FE-47BC-9D20-189D8C9EA7A5}.Ad-Hoc|iPhone.Deploy.0 = Release|Any CPU
		{104D63B6-94FE-47BC-9D20-189D8C9EA7A5}.Ad-Hoc|iPhoneSimulator.ActiveCfg = Release|Any CPU
		{104D63B6-94FE-47BC-9D20-189D8C9EA7A5}.Ad-Hoc|iPhoneSimulator.Build.0 = Release|Any CPU
		{104D63B6-94FE-47BC-9D20-189D8C9EA7A5}.Ad-Hoc|iPhoneSimulator.Deploy.0 = Release|Any CPU
		{104D63B6-94FE-47BC-9D20-189D8C9EA7A5}.Ad-Hoc|x64.ActiveCfg = Release|Any CPU
		{104D63B6-94FE-47BC-9D20-189D8C9EA7A5}.Ad-Hoc|x64.Build.0 = Release|Any CPU
		{104D63B6-94FE-47BC-9D20-189D8C9EA7A5}.Ad-Hoc|x64.Deploy.0 = Release|Any CPU
		{104D63B6-94FE-47BC-9D20-189D8C9EA7A5}.Ad-Hoc|x86.ActiveCfg = Release|Any CPU
		{104D63B6-94FE-47BC-9D20-189D8C9EA7A5}.Ad-Hoc|x86.Build.0 = Release|Any CPU
		{104D63B6-94FE-47BC-9D20-189D8C9EA7A5}.Ad-Hoc|x86.Deploy.0 = Release|Any CPU
		{104D63B6-94FE-47BC-9D20-189D8C9EA7A5}.AppStore|Any CPU.ActiveCfg = Release|Any CPU
		{104D63B6-94FE-47BC-9D20-189D8C9EA7A5}.AppStore|Any CPU.Build.0 = Release|Any CPU
		{104D63B6-94FE-47BC-9D20-189D8C9EA7A5}.AppStore|Any CPU.Deploy.0 = Release|Any CPU
		{104D63B6-94FE-47BC-9D20-189D8C9EA7A5}.AppStore|ARM.ActiveCfg = Release|Any CPU
		{104D63B6-94FE-47BC-9D20-189D8C9EA7A5}.AppStore|ARM.Build.0 = Release|Any CPU
		{104D63B6-94FE-47BC-9D20-189D8C9EA7A5}.AppStore|ARM.Deploy.0 = Release|Any CPU
		{104D63B6-94FE-47BC-9D20-189D8C9EA7A5}.AppStore|iPhone.ActiveCfg = Release|Any CPU
		{104D63B6-94FE-47BC-9D20-189D8C9EA7A5}.AppStore|iPhone.Build.0 = Release|Any CPU
		{104D63B6-94FE-47BC-9D20-189D8C9EA7A5}.AppStore|iPhone.Deploy.0 = Release|Any CPU
		{104D63B6-94FE-47BC-9D20-189D8C9EA7A5}.AppStore|iPhoneSimulator.ActiveCfg = Release|Any CPU
		{104D63B6-94FE-47BC-9D20-189D8C9EA7A5}.AppStore|iPhoneSimulator.Build.0 = Release|Any CPU
		{104D63B6-94FE-47BC-9D20-189D8C9EA7A5}.AppStore|iPhoneSimulator.Deploy.0 = Release|Any CPU
		{104D63B6-94FE-47BC-9D20-189D8C9EA7A5}.AppStore|x64.ActiveCfg = Release|Any CPU
		{104D63B6-94FE-47BC-9D20-189D8C9EA7A5}.AppStore|x64.Build.0 = Release|Any CPU
		{104D63B6-94FE-47BC-9D20-189D8C9EA7A5}.AppStore|x64.Deploy.0 = Release|Any CPU
		{104D63B6-94FE-47BC-9D20-189D8C9EA7A5}.AppStore|x86.ActiveCfg = Release|Any CPU
		{104D63B6-94FE-47BC-9D20-189D8C9EA7A5}.AppStore|x86.Build.0 = Release|Any CPU
		{104D63B6-94FE-47BC-9D20-189D8C9EA7A5}.AppStore|x86.Deploy.0 = Release|Any CPU
		{104D63B6-94FE-47BC-9D20-189D8C9EA7A5}.Debug|Any CPU.ActiveCfg = Debug|Any CPU
		{104D63B6-94FE-47BC-9D20-189D8C9EA7A5}.Debug|Any CPU.Build.0 = Debug|Any CPU
		{104D63B6-94FE-47BC-9D20-189D8C9EA7A5}.Debug|Any CPU.Deploy.0 = Debug|Any CPU
		{104D63B6-94FE-47BC-9D20-189D8C9EA7A5}.Debug|ARM.ActiveCfg = Debug|Any CPU
		{104D63B6-94FE-47BC-9D20-189D8C9EA7A5}.Debug|ARM.Build.0 = Debug|Any CPU
		{104D63B6-94FE-47BC-9D20-189D8C9EA7A5}.Debug|ARM.Deploy.0 = Debug|Any CPU
		{104D63B6-94FE-47BC-9D20-189D8C9EA7A5}.Debug|iPhone.ActiveCfg = Debug|Any CPU
		{104D63B6-94FE-47BC-9D20-189D8C9EA7A5}.Debug|iPhone.Build.0 = Debug|Any CPU
		{104D63B6-94FE-47BC-9D20-189D8C9EA7A5}.Debug|iPhone.Deploy.0 = Debug|Any CPU
		{104D63B6-94FE-47BC-9D20-189D8C9EA7A5}.Debug|iPhoneSimulator.ActiveCfg = Debug|Any CPU
		{104D63B6-94FE-47BC-9D20-189D8C9EA7A5}.Debug|iPhoneSimulator.Build.0 = Debug|Any CPU
		{104D63B6-94FE-47BC-9D20-189D8C9EA7A5}.Debug|iPhoneSimulator.Deploy.0 = Debug|Any CPU
		{104D63B6-94FE-47BC-9D20-189D8C9EA7A5}.Debug|x64.ActiveCfg = Debug|Any CPU
		{104D63B6-94FE-47BC-9D20-189D8C9EA7A5}.Debug|x64.Build.0 = Debug|Any CPU
		{104D63B6-94FE-47BC-9D20-189D8C9EA7A5}.Debug|x64.Deploy.0 = Debug|Any CPU
		{104D63B6-94FE-47BC-9D20-189D8C9EA7A5}.Debug|x86.ActiveCfg = Debug|Any CPU
		{104D63B6-94FE-47BC-9D20-189D8C9EA7A5}.Debug|x86.Build.0 = Debug|Any CPU
		{104D63B6-94FE-47BC-9D20-189D8C9EA7A5}.Debug|x86.Deploy.0 = Debug|Any CPU
		{104D63B6-94FE-47BC-9D20-189D8C9EA7A5}.Release|Any CPU.ActiveCfg = Release|Any CPU
		{104D63B6-94FE-47BC-9D20-189D8C9EA7A5}.Release|Any CPU.Build.0 = Release|Any CPU
		{104D63B6-94FE-47BC-9D20-189D8C9EA7A5}.Release|Any CPU.Deploy.0 = Release|Any CPU
		{104D63B6-94FE-47BC-9D20-189D8C9EA7A5}.Release|ARM.ActiveCfg = Release|Any CPU
		{104D63B6-94FE-47BC-9D20-189D8C9EA7A5}.Release|ARM.Build.0 = Release|Any CPU
		{104D63B6-94FE-47BC-9D20-189D8C9EA7A5}.Release|ARM.Deploy.0 = Release|Any CPU
		{104D63B6-94FE-47BC-9D20-189D8C9EA7A5}.Release|iPhone.ActiveCfg = Release|Any CPU
		{104D63B6-94FE-47BC-9D20-189D8C9EA7A5}.Release|iPhone.Build.0 = Release|Any CPU
		{104D63B6-94FE-47BC-9D20-189D8C9EA7A5}.Release|iPhone.Deploy.0 = Release|Any CPU
		{104D63B6-94FE-47BC-9D20-189D8C9EA7A5}.Release|iPhoneSimulator.ActiveCfg = Release|Any CPU
		{104D63B6-94FE-47BC-9D20-189D8C9EA7A5}.Release|iPhoneSimulator.Build.0 = Release|Any CPU
		{104D63B6-94FE-47BC-9D20-189D8C9EA7A5}.Release|iPhoneSimulator.Deploy.0 = Release|Any CPU
		{104D63B6-94FE-47BC-9D20-189D8C9EA7A5}.Release|x64.ActiveCfg = Release|Any CPU
		{104D63B6-94FE-47BC-9D20-189D8C9EA7A5}.Release|x64.Build.0 = Release|Any CPU
		{104D63B6-94FE-47BC-9D20-189D8C9EA7A5}.Release|x64.Deploy.0 = Release|Any CPU
		{104D63B6-94FE-47BC-9D20-189D8C9EA7A5}.Release|x86.ActiveCfg = Release|Any CPU
		{104D63B6-94FE-47BC-9D20-189D8C9EA7A5}.Release|x86.Build.0 = Release|Any CPU
		{104D63B6-94FE-47BC-9D20-189D8C9EA7A5}.Release|x86.Deploy.0 = Release|Any CPU
		{61AFD05F-32B7-4763-97B9-842EFC9F6399}.Ad-Hoc|Any CPU.ActiveCfg = Ad-Hoc|iPhone
		{61AFD05F-32B7-4763-97B9-842EFC9F6399}.Ad-Hoc|ARM.ActiveCfg = Ad-Hoc|iPhone
		{61AFD05F-32B7-4763-97B9-842EFC9F6399}.Ad-Hoc|iPhone.ActiveCfg = Ad-Hoc|iPhone
		{61AFD05F-32B7-4763-97B9-842EFC9F6399}.Ad-Hoc|iPhone.Build.0 = Ad-Hoc|iPhone
		{61AFD05F-32B7-4763-97B9-842EFC9F6399}.Ad-Hoc|iPhoneSimulator.ActiveCfg = Ad-Hoc|iPhoneSimulator
		{61AFD05F-32B7-4763-97B9-842EFC9F6399}.Ad-Hoc|iPhoneSimulator.Build.0 = Ad-Hoc|iPhoneSimulator
		{61AFD05F-32B7-4763-97B9-842EFC9F6399}.Ad-Hoc|x64.ActiveCfg = Ad-Hoc|iPhone
		{61AFD05F-32B7-4763-97B9-842EFC9F6399}.Ad-Hoc|x86.ActiveCfg = Ad-Hoc|iPhone
		{61AFD05F-32B7-4763-97B9-842EFC9F6399}.AppStore|Any CPU.ActiveCfg = AppStore|iPhone
		{61AFD05F-32B7-4763-97B9-842EFC9F6399}.AppStore|ARM.ActiveCfg = AppStore|iPhone
		{61AFD05F-32B7-4763-97B9-842EFC9F6399}.AppStore|iPhone.ActiveCfg = AppStore|iPhone
		{61AFD05F-32B7-4763-97B9-842EFC9F6399}.AppStore|iPhone.Build.0 = AppStore|iPhone
		{61AFD05F-32B7-4763-97B9-842EFC9F6399}.AppStore|iPhoneSimulator.ActiveCfg = AppStore|iPhoneSimulator
		{61AFD05F-32B7-4763-97B9-842EFC9F6399}.AppStore|iPhoneSimulator.Build.0 = AppStore|iPhoneSimulator
		{61AFD05F-32B7-4763-97B9-842EFC9F6399}.AppStore|x64.ActiveCfg = AppStore|iPhone
		{61AFD05F-32B7-4763-97B9-842EFC9F6399}.AppStore|x86.ActiveCfg = AppStore|iPhone
		{61AFD05F-32B7-4763-97B9-842EFC9F6399}.Debug|Any CPU.ActiveCfg = Debug|iPhone
		{61AFD05F-32B7-4763-97B9-842EFC9F6399}.Debug|ARM.ActiveCfg = Debug|iPhone
		{61AFD05F-32B7-4763-97B9-842EFC9F6399}.Debug|iPhone.ActiveCfg = Debug|iPhone
		{61AFD05F-32B7-4763-97B9-842EFC9F6399}.Debug|iPhone.Build.0 = Debug|iPhone
		{61AFD05F-32B7-4763-97B9-842EFC9F6399}.Debug|iPhoneSimulator.ActiveCfg = Debug|iPhoneSimulator
		{61AFD05F-32B7-4763-97B9-842EFC9F6399}.Debug|iPhoneSimulator.Build.0 = Debug|iPhoneSimulator
		{61AFD05F-32B7-4763-97B9-842EFC9F6399}.Debug|x64.ActiveCfg = Debug|iPhone
		{61AFD05F-32B7-4763-97B9-842EFC9F6399}.Debug|x86.ActiveCfg = Debug|iPhone
		{61AFD05F-32B7-4763-97B9-842EFC9F6399}.Release|Any CPU.ActiveCfg = Release|iPhone
		{61AFD05F-32B7-4763-97B9-842EFC9F6399}.Release|ARM.ActiveCfg = Release|iPhone
		{61AFD05F-32B7-4763-97B9-842EFC9F6399}.Release|iPhone.ActiveCfg = Release|iPhone
		{61AFD05F-32B7-4763-97B9-842EFC9F6399}.Release|iPhone.Build.0 = Release|iPhone
		{61AFD05F-32B7-4763-97B9-842EFC9F6399}.Release|iPhoneSimulator.ActiveCfg = Release|iPhoneSimulator
		{61AFD05F-32B7-4763-97B9-842EFC9F6399}.Release|iPhoneSimulator.Build.0 = Release|iPhoneSimulator
		{61AFD05F-32B7-4763-97B9-842EFC9F6399}.Release|x64.ActiveCfg = Release|iPhone
		{61AFD05F-32B7-4763-97B9-842EFC9F6399}.Release|x86.ActiveCfg = Release|iPhone
		{A7F14777-75B2-4434-A481-7DBD33C8011E}.Ad-Hoc|Any CPU.ActiveCfg = Release|x86
		{A7F14777-75B2-4434-A481-7DBD33C8011E}.Ad-Hoc|Any CPU.Build.0 = Release|x86
		{A7F14777-75B2-4434-A481-7DBD33C8011E}.Ad-Hoc|Any CPU.Deploy.0 = Release|x86
		{A7F14777-75B2-4434-A481-7DBD33C8011E}.Ad-Hoc|ARM.ActiveCfg = Release|ARM
		{A7F14777-75B2-4434-A481-7DBD33C8011E}.Ad-Hoc|ARM.Build.0 = Release|ARM
		{A7F14777-75B2-4434-A481-7DBD33C8011E}.Ad-Hoc|ARM.Deploy.0 = Release|ARM
		{A7F14777-75B2-4434-A481-7DBD33C8011E}.Ad-Hoc|iPhone.ActiveCfg = Release|x86
		{A7F14777-75B2-4434-A481-7DBD33C8011E}.Ad-Hoc|iPhone.Build.0 = Release|x86
		{A7F14777-75B2-4434-A481-7DBD33C8011E}.Ad-Hoc|iPhone.Deploy.0 = Release|x86
		{A7F14777-75B2-4434-A481-7DBD33C8011E}.Ad-Hoc|iPhoneSimulator.ActiveCfg = Release|x86
		{A7F14777-75B2-4434-A481-7DBD33C8011E}.Ad-Hoc|iPhoneSimulator.Build.0 = Release|x86
		{A7F14777-75B2-4434-A481-7DBD33C8011E}.Ad-Hoc|iPhoneSimulator.Deploy.0 = Release|x86
		{A7F14777-75B2-4434-A481-7DBD33C8011E}.Ad-Hoc|x64.ActiveCfg = Release|x64
		{A7F14777-75B2-4434-A481-7DBD33C8011E}.Ad-Hoc|x64.Build.0 = Release|x64
		{A7F14777-75B2-4434-A481-7DBD33C8011E}.Ad-Hoc|x64.Deploy.0 = Release|x64
		{A7F14777-75B2-4434-A481-7DBD33C8011E}.Ad-Hoc|x86.ActiveCfg = Release|x86
		{A7F14777-75B2-4434-A481-7DBD33C8011E}.Ad-Hoc|x86.Build.0 = Release|x86
		{A7F14777-75B2-4434-A481-7DBD33C8011E}.Ad-Hoc|x86.Deploy.0 = Release|x86
		{A7F14777-75B2-4434-A481-7DBD33C8011E}.AppStore|Any CPU.ActiveCfg = Release|x86
		{A7F14777-75B2-4434-A481-7DBD33C8011E}.AppStore|Any CPU.Build.0 = Release|x86
		{A7F14777-75B2-4434-A481-7DBD33C8011E}.AppStore|Any CPU.Deploy.0 = Release|x86
		{A7F14777-75B2-4434-A481-7DBD33C8011E}.AppStore|ARM.ActiveCfg = Release|ARM
		{A7F14777-75B2-4434-A481-7DBD33C8011E}.AppStore|ARM.Build.0 = Release|ARM
		{A7F14777-75B2-4434-A481-7DBD33C8011E}.AppStore|ARM.Deploy.0 = Release|ARM
		{A7F14777-75B2-4434-A481-7DBD33C8011E}.AppStore|iPhone.ActiveCfg = Release|x86
		{A7F14777-75B2-4434-A481-7DBD33C8011E}.AppStore|iPhone.Build.0 = Release|x86
		{A7F14777-75B2-4434-A481-7DBD33C8011E}.AppStore|iPhone.Deploy.0 = Release|x86
		{A7F14777-75B2-4434-A481-7DBD33C8011E}.AppStore|iPhoneSimulator.ActiveCfg = Release|x86
		{A7F14777-75B2-4434-A481-7DBD33C8011E}.AppStore|iPhoneSimulator.Build.0 = Release|x86
		{A7F14777-75B2-4434-A481-7DBD33C8011E}.AppStore|iPhoneSimulator.Deploy.0 = Release|x86
		{A7F14777-75B2-4434-A481-7DBD33C8011E}.AppStore|x64.ActiveCfg = Release|x64
		{A7F14777-75B2-4434-A481-7DBD33C8011E}.AppStore|x64.Build.0 = Release|x64
		{A7F14777-75B2-4434-A481-7DBD33C8011E}.AppStore|x64.Deploy.0 = Release|x64
		{A7F14777-75B2-4434-A481-7DBD33C8011E}.AppStore|x86.ActiveCfg = Release|x86
		{A7F14777-75B2-4434-A481-7DBD33C8011E}.AppStore|x86.Build.0 = Release|x86
		{A7F14777-75B2-4434-A481-7DBD33C8011E}.AppStore|x86.Deploy.0 = Release|x86
		{A7F14777-75B2-4434-A481-7DBD33C8011E}.Debug|Any CPU.ActiveCfg = Debug|x86
		{A7F14777-75B2-4434-A481-7DBD33C8011E}.Debug|ARM.ActiveCfg = Debug|ARM
		{A7F14777-75B2-4434-A481-7DBD33C8011E}.Debug|ARM.Build.0 = Debug|ARM
		{A7F14777-75B2-4434-A481-7DBD33C8011E}.Debug|ARM.Deploy.0 = Debug|ARM
		{A7F14777-75B2-4434-A481-7DBD33C8011E}.Debug|iPhone.ActiveCfg = Debug|x86
		{A7F14777-75B2-4434-A481-7DBD33C8011E}.Debug|iPhoneSimulator.ActiveCfg = Debug|x86
		{A7F14777-75B2-4434-A481-7DBD33C8011E}.Debug|x64.ActiveCfg = Debug|x64
		{A7F14777-75B2-4434-A481-7DBD33C8011E}.Debug|x64.Build.0 = Debug|x64
		{A7F14777-75B2-4434-A481-7DBD33C8011E}.Debug|x64.Deploy.0 = Debug|x64
		{A7F14777-75B2-4434-A481-7DBD33C8011E}.Debug|x86.ActiveCfg = Debug|x86
		{A7F14777-75B2-4434-A481-7DBD33C8011E}.Debug|x86.Build.0 = Debug|x86
		{A7F14777-75B2-4434-A481-7DBD33C8011E}.Debug|x86.Deploy.0 = Debug|x86
		{A7F14777-75B2-4434-A481-7DBD33C8011E}.Release|Any CPU.ActiveCfg = Release|x86
		{A7F14777-75B2-4434-A481-7DBD33C8011E}.Release|ARM.ActiveCfg = Release|ARM
		{A7F14777-75B2-4434-A481-7DBD33C8011E}.Release|ARM.Build.0 = Release|ARM
		{A7F14777-75B2-4434-A481-7DBD33C8011E}.Release|ARM.Deploy.0 = Release|ARM
		{A7F14777-75B2-4434-A481-7DBD33C8011E}.Release|iPhone.ActiveCfg = Release|x86
		{A7F14777-75B2-4434-A481-7DBD33C8011E}.Release|iPhoneSimulator.ActiveCfg = Release|x86
		{A7F14777-75B2-4434-A481-7DBD33C8011E}.Release|x64.ActiveCfg = Release|x64
		{A7F14777-75B2-4434-A481-7DBD33C8011E}.Release|x64.Build.0 = Release|x64
		{A7F14777-75B2-4434-A481-7DBD33C8011E}.Release|x64.Deploy.0 = Release|x64
		{A7F14777-75B2-4434-A481-7DBD33C8011E}.Release|x86.ActiveCfg = Release|x86
		{A7F14777-75B2-4434-A481-7DBD33C8011E}.Release|x86.Build.0 = Release|x86
		{A7F14777-75B2-4434-A481-7DBD33C8011E}.Release|x86.Deploy.0 = Release|x86
	EndGlobalSection
	GlobalSection(SolutionProperties) = preSolution
		HideSolutionNode = FALSE
	EndGlobalSection
EndGlobal
